{
    "_meta": {
        "hash": {
            "sha256": "e9e478e7c0e996a58735139b23a8ea8c0fb781d0b30f1c7896514f09ea892c00"
        },
        "pipfile-spec": 6,
        "requires": {},
        "sources": [
            {
                "name": "pypi",
                "url": "https://pypi.python.org/simple",
                "verify_ssl": true
            }
        ]
    },
    "default": {
        "certifi": {
            "hashes": [
                "sha256:0d9c601124e5a6ba9712dbc60d9c53c21e34f5f641fe83002317394311bdce14",
                "sha256:90c1a32f1d68f940488354e36370f6cca89f0f106db09518524c88d6ed83f382"
            ],
            "markers": "python_full_version >= '3.6.0'",
            "version": "==2022.9.24"
        },
        "charset-normalizer": {
            "hashes": [
                "sha256:5a3d016c7c547f69d6f81fb0db9449ce888b418b5b9952cc5e6e66843e9dd845",
                "sha256:83e9a75d1911279afd89352c68b45348559d1fc0506b054b346651b5e7fee29f"
            ],
            "markers": "python_full_version >= '3.6.0'",
            "version": "==2.1.1"
        },
        "django": {
            "hashes": [
                "sha256:52475f607c92035d4ac8fee284f56213065a4a6b25ed43f7e39df0e576e69e9f",
                "sha256:d96b804be412a5125a594023ec524a2010a6ffa4d408e5482ab6ff3cb97ec12f"
            ],
            "index": "pypi",
            "version": "==2.0.1"
        },
        "django-appconf": {
            "hashes": [
                "sha256:ae9f864ee1958c815a965ed63b3fba4874eec13de10236ba063a788f9a17389d",
                "sha256:be3db0be6c81fa84742000b89a81c016d70ae66a7ccb620cdef592b1f1a6aaa4"
            ],
            "markers": "python_full_version >= '3.6.0'",
            "version": "==1.0.5"
        },
        "django-bootstrap-form": {
            "hashes": [
                "sha256:de3f7893e515352834d446c441c0cb861637f92cebbe59d8229469c6cd3dc640"
            ],
            "version": "==3.4"
        },
        "django-imagekit": {
            "hashes": [
                "sha256:87e36f8dc1d8745647881f4366ef4965225f048042dacebbee0dcb87425defef",
                "sha256:e559aeaae43a33b34f87631a9fa5696455e4451ffa738a42635fde442fedac5c"
            ],
            "version": "==4.1.0"
        },
        "django-ipware": {
            "hashes": [
                "sha256:93a90f9dd8caf2c633172aa8c8ba4e76e2b44f92a6942fa35e7624281e81ea03"
            ],
            "version": "==1.1.6"
        },
        "django-user-accounts": {
            "hashes": [
                "sha256:dd03cfe6ca0ec5f1e8140a624b05eaf010918208d3720d1d0dac03e09c3da91b",
                "sha256:e8f0adf2a7134534887457bc656617e4b8111f31f7a657d54e8c43ed4353473d"
            ],
            "index": "pypi",
            "version": "==2.0.3"
        },
        "gunicorn": {
            "hashes": [
                "sha256:75af03c99389535f218cc596c7de74df4763803f7b63eb09d77e92b3956b36c6",
                "sha256:eee1169f0ca667be05db3351a0960765620dad53f53434262ff8901b68a1b622"
            ],
            "index": "pypi",
            "version": "==19.7.1"
        },
        "idna": {
            "hashes": [
                "sha256:814f528e8dead7d329833b91c5faa87d60bf71824cd12a7530b5526063d02cb4",
                "sha256:90b77e79eaa3eba6de819a0c442c0b4ceefc341a7a2ab77d7562bf49f425c5c2"
            ],
            "markers": "python_version >= '3.5'",
            "version": "==3.4"
        },
        "jsonfield": {
            "hashes": [
                "sha256:7e7f73a675c518712badd783279e26d164140f3fc2ed7a32102c3d08a6a2a4a7"
            ],
            "version": "==1.0.3"
        },
        "markdown": {
            "hashes": [
                "sha256:08fb8465cffd03d10b9dd34a5c3fea908e20391a2a90b88d66362cb05beed186",
                "sha256:3b809086bb6efad416156e00a0da66fe47618a5d6918dd688f53f40c8e4cfeff"
            ],
            "markers": "python_version >= '3.7'",
            "version": "==3.4.1"
        },
        "pilkit": {
            "hashes": [
                "sha256:ddb30c2f0198a147e56b151476c3bb9fe045fbfd5b0a0fa2a3148dba62d1559f"
            ],
            "version": "==2.0"
        },
        "pillow": {
            "hashes": [
                "sha256:03150abd92771742d4a8cd6f2fa6246d847dcd2e332a18d0c15cc75bf6703040",
                "sha256:073adb2ae23431d3b9bcbcff3fe698b62ed47211d0716b067385538a1b0f28b8",
                "sha256:0b07fffc13f474264c336298d1b4ce01d9c5a011415b79d4ee5527bb69ae6f65",
                "sha256:0b7257127d646ff8676ec8a15520013a698d1fdc48bc2a79ba4e53df792526f2",
                "sha256:12ce4932caf2ddf3e41d17fc9c02d67126935a44b86df6a206cf0d7161548627",
                "sha256:15c42fb9dea42465dfd902fb0ecf584b8848ceb28b41ee2b58f866411be33f07",
                "sha256:18498994b29e1cf86d505edcb7edbe814d133d2232d256db8c7a8ceb34d18cef",
                "sha256:1c7c8ae3864846fc95f4611c78129301e203aaa2af813b703c55d10cc1628535",
                "sha256:22b012ea2d065fd163ca096f4e37e47cd8b59cf4b0fd47bfca6abb93df70b34c",
                "sha256:276a5ca930c913f714e372b2591a22c4bd3b81a418c0f6635ba832daec1cbcfc",
                "sha256:2e0918e03aa0c72ea56edbb00d4d664294815aa11291a11504a377ea018330d3",
                "sha256:3033fbe1feb1b59394615a1cafaee85e49d01b51d54de0cbf6aa8e64182518a1",
                "sha256:3168434d303babf495d4ba58fc22d6604f6e2afb97adc6a423e917dab828939c",
                "sha256:32a44128c4bdca7f31de5be641187367fe2a450ad83b833ef78910397db491aa",
                "sha256:3dd6caf940756101205dffc5367babf288a30043d35f80936f9bfb37f8355b32",
                "sha256:40e1ce476a7804b0fb74bcfa80b0a2206ea6a882938eaba917f7a0f004b42502",
                "sha256:41e0051336807468be450d52b8edd12ac60bebaa97fe10c8b660f116e50b30e4",
                "sha256:4390e9ce199fc1951fcfa65795f239a8a4944117b5935a9317fb320e7767b40f",
                "sha256:502526a2cbfa431d9fc2a079bdd9061a2397b842bb6bc4239bb176da00993812",
                "sha256:51e0e543a33ed92db9f5ef69a0356e0b1a7a6b6a71b80df99f1d181ae5875636",
                "sha256:57751894f6618fd4308ed8e0c36c333e2f5469744c34729a27532b3db106ee20",
                "sha256:5d77adcd56a42d00cc1be30843d3426aa4e660cab4a61021dc84467123f7a00c",
                "sha256:655a83b0058ba47c7c52e4e2df5ecf484c1b0b0349805896dd350cbc416bdd91",
                "sha256:68943d632f1f9e3dce98908e873b3a090f6cba1cbb1b892a9e8d97c938871fbe",
                "sha256:6c738585d7a9961d8c2821a1eb3dcb978d14e238be3d70f0a706f7fa9316946b",
                "sha256:73bd195e43f3fadecfc50c682f5055ec32ee2c933243cafbfdec69ab1aa87cad",
                "sha256:772a91fc0e03eaf922c63badeca75e91baa80fe2f5f87bdaed4280662aad25c9",
                "sha256:77ec3e7be99629898c9a6d24a09de089fa5356ee408cdffffe62d67bb75fdd72",
                "sha256:7db8b751ad307d7cf238f02101e8e36a128a6cb199326e867d1398067381bff4",
                "sha256:801ec82e4188e935c7f5e22e006d01611d6b41661bba9fe45b60e7ac1a8f84de",
                "sha256:82409ffe29d70fd733ff3c1025a602abb3e67405d41b9403b00b01debc4c9a29",
                "sha256:828989c45c245518065a110434246c44a56a8b2b2f6347d1409c787e6e4651ee",
                "sha256:829f97c8e258593b9daa80638aee3789b7df9da5cf1336035016d76f03b8860c",
                "sha256:871b72c3643e516db4ecf20efe735deb27fe30ca17800e661d769faab45a18d7",
                "sha256:89dca0ce00a2b49024df6325925555d406b14aa3efc2f752dbb5940c52c56b11",
                "sha256:90fb88843d3902fe7c9586d439d1e8c05258f41da473952aa8b328d8b907498c",
                "sha256:97aabc5c50312afa5e0a2b07c17d4ac5e865b250986f8afe2b02d772567a380c",
                "sha256:9aaa107275d8527e9d6e7670b64aabaaa36e5b6bd71a1015ddd21da0d4e06448",
                "sha256:9f47eabcd2ded7698106b05c2c338672d16a6f2a485e74481f524e2a23c2794b",
                "sha256:a0a06a052c5f37b4ed81c613a455a81f9a3a69429b4fd7bb913c3fa98abefc20",
                "sha256:ab388aaa3f6ce52ac1cb8e122c4bd46657c15905904b3120a6248b5b8b0bc228",
                "sha256:ad58d27a5b0262c0c19b47d54c5802db9b34d38bbf886665b626aff83c74bacd",
                "sha256:ae5331c23ce118c53b172fa64a4c037eb83c9165aba3a7ba9ddd3ec9fa64a699",
                "sha256:af0372acb5d3598f36ec0914deed2a63f6bcdb7b606da04dc19a88d31bf0c05b",
                "sha256:afa4107d1b306cdf8953edde0534562607fe8811b6c4d9a486298ad31de733b2",
                "sha256:b03ae6f1a1878233ac620c98f3459f79fd77c7e3c2b20d460284e1fb370557d4",
                "sha256:b0915e734b33a474d76c28e07292f196cdf2a590a0d25bcc06e64e545f2d146c",
                "sha256:b4012d06c846dc2b80651b120e2cdd787b013deb39c09f407727ba90015c684f",
                "sha256:b472b5ea442148d1c3e2209f20f1e0bb0eb556538690fa70b5e1f79fa0ba8dc2",
                "sha256:b59430236b8e58840a0dfb4099a0e8717ffb779c952426a69ae435ca1f57210c",
                "sha256:b90f7616ea170e92820775ed47e136208e04c967271c9ef615b6fbd08d9af0e3",
                "sha256:b9a65733d103311331875c1dca05cb4606997fd33d6acfed695b1232ba1df193",
                "sha256:bac18ab8d2d1e6b4ce25e3424f709aceef668347db8637c2296bcf41acb7cf48",
                "sha256:bca31dd6014cb8b0b2db1e46081b0ca7d936f856da3b39744aef499db5d84d02",
                "sha256:be55f8457cd1eac957af0c3f5ece7bc3f033f89b114ef30f710882717670b2a8",
                "sha256:c7025dce65566eb6e89f56c9509d4f628fddcedb131d9465cacd3d8bac337e7e",
                "sha256:c935a22a557a560108d780f9a0fc426dd7459940dc54faa49d83249c8d3e760f",
                "sha256:dbb8e7f2abee51cef77673be97760abff1674ed32847ce04b4af90f610144c7b",
                "sha256:e6ea6b856a74d560d9326c0f5895ef8050126acfdc7ca08ad703eb0081e82b74",
                "sha256:ebf2029c1f464c59b8bdbe5143c79fa2045a581ac53679733d3a91d400ff9efb",
                "sha256:f1ff2ee69f10f13a9596480335f406dd1f70c3650349e2be67ca3139280cade0"
            ],
            "index": "pypi",
            "version": "==9.3.0"
        },
        "pinax-announcements": {
            "hashes": [
                "sha256:46768c7614a4f45992757324450a95d935aec81f5536a1feaae5c4466780471a",
                "sha256:a2eae2718ecc2f6b829d523e9550c320d682dc5ea7eeea3597647ea3d5faec6d"
            ],
            "index": "pypi",
            "version": "==3.0.1"
        },
        "pinax-blog": {
            "hashes": [
                "sha256:95d07aa7863a0b0cc8096ea879a2fb074453fbb3e62f9fa479f055ee93f67e55",
                "sha256:dfae713e643bab79e969a435f9494c79eaf704571a5ab4c599e687f208821052"
            ],
            "index": "pypi",
            "version": "==7.0.1"
        },
        "pinax-calendars": {
            "hashes": [
                "sha256:963b5763c26381a37f204b1cb8eb3354bd13f4b18fa2793020c53e335f309437",
                "sha256:d7d14fc9518a6a4b5d4de12bea5033a5bacfe3e786f02d52f08107f6b54a9a25"
            ],
            "index": "pypi",
            "version": "==2.0.4"
        },
        "pinax-cohorts": {
            "hashes": [
                "sha256:18fdb06119be4d42e902795cf428c96875e41abe943c42a3c11ab02714063059",
                "sha256:575d023daf5e2950b86ef7620fd174f8aee0591ec4fb70a0930a030810b8fe78"
            ],
            "index": "pypi",
            "version": "==0.4"
        },
        "pinax-documents": {
            "hashes": [
                "sha256:245c6fda603bd887e19fb9460ccc3ec0f003dea746ab3508740b44dfc4ae0ee6",
                "sha256:db3cbe8e017050977a6410ca6763d5d7ca753100f93fec1f51fdcc88007b232b"
            ],
            "index": "pypi",
            "version": "==1.0.1"
        },
        "pinax-images": {
            "hashes": [
                "sha256:a7f4c7718ad2ae74dc156749ab0d8925f3d27a358cd88243b41bf2a9e3fdc71e",
                "sha256:f997b8b130927ea1616fb07f056778d9a9cabb2b95635788c9a849cf76579bda"
            ],
            "version": "==3.0.1"
        },
        "pinax-invitations": {
            "hashes": [
                "sha256:2240533ce96cd7acbc18d7323562a8e15fb0d284d6bd2d8bdd935f3f28ad92c2",
                "sha256:7b0bcb0bf893c3c04b5de9fde9ddf2291f8d462d5ac331a2490c14be0af2bac9"
            ],
            "index": "pypi",
            "version": "==6.1.2"
        },
        "pinax-messages": {
            "hashes": [
                "sha256:377172477752d9dfed8ae175dd562b227cf5d7880028aef2ab9445c2a54bb9c2",
                "sha256:5dfaa4a38e125e9b9b0e6d98eede2015df74eeaaea63a0394f326ce902322060"
            ],
            "index": "pypi",
            "version": "==2.0.2"
        },
        "pinax-notifications": {
            "hashes": [
                "sha256:51f6648866d9c6cb7b241dd7e1f69b936ac1b1b5ef5c90b2389b5e670a709c61",
                "sha256:feee99d2234a80fbdf778c39ff8f9ed07d08b4d572f61afc6e6481e80c3be6a7"
            ],
            "index": "pypi",
            "version": "==5.0.2"
        },
        "pinax-stripe": {
            "hashes": [
                "sha256:33fb44715d8e324f21903f7db53e216eab59d3cf842595a7dbd0562faad5b4a5",
                "sha256:c5be954e00d513a9fdbfc2590dabf53fb3f587fd9e3af882b587b7cf3b5392b4"
            ],
            "index": "pypi",
            "version": "==4.0.0"
        },
        "pinax-templates": {
            "hashes": [
                "sha256:5641c6d021a055b325841adfd4100f3dc0efaa5e2a286df7b07e2c27e9659762",
                "sha256:b22cb671557897c06589356c360eae6222da1b2d53eabfb621d1acd15cacf7be"
            ],
            "index": "pypi",
            "version": "==1.0.4"
        },
        "pinax-testimonials": {
            "hashes": [
                "sha256:402d6cacb205d9061f4e532e249ad0e04d0b3dc313d0e390e0f9f1e7521f2842",
                "sha256:61f581786f72399037e602f3eceb0f4a331e44a965ecfc87c162982b5f3d8534"
            ],
            "index": "pypi",
            "version": "==2.0.4"
        },
        "pinax-waitinglist": {
            "hashes": [
                "sha256:71f5926a0e8c512b95047493e37cefd0711e2ce3531643dd7cd535597a474646",
                "sha256:d798152959c5c6b6b35bd315c5a1cc6ab3b0da9edd928d247e9102b75362a9f0"
            ],
            "index": "pypi",
            "version": "==2.0.3"
        },
        "pygments": {
            "hashes": [
                "sha256:78f3f434bcc5d6ee09020f92ba487f95ba50f1e3ef83ae96b9d5ffa1bab25c5d",
                "sha256:dbae1046def0efb574852fab9e90209b23f556367b5a320c0bcb871c77c3e8cc"
            ],
            "index": "pypi",
            "version": "==2.2.0"
        },
        "pytz": {
            "hashes": [
                "sha256:222439474e9c98fced559f1709d89e6c9cbf8d79c794ff3eb9f8800064291427",
                "sha256:e89512406b793ca39f5971bc999cc538ce125c0e51c27941bef4568b460095e2"
            ],
            "version": "==2022.6"
        },
        "requests": {
            "hashes": [
                "sha256:7c5599b102feddaa661c826c56ab4fee28bfd17f5abca1ebbe3e7f19d7c97983",
                "sha256:8fefa2a1a1365bf5520aac41836fbee479da67864514bdb821f31ce07ce65349"
            ],
            "markers": "python_version >= '3.0'",
            "version": "==2.28.1"
        },
        "six": {
            "hashes": [
                "sha256:1e61c37477a1626458e36f7b1d82aa5c9b094fa4802892072e49de9c60c4c926",
                "sha256:8abb2f1d86890a2dfb989f9a77cfcfd3e47c2a354b01111771326f8aa26e0254"
            ],
            "markers": "python_version >= '2.7' and python_version not in '3.0, 3.1, 3.2, 3.3'",
            "version": "==1.16.0"
        },
        "stripe": {
            "hashes": [
                "sha256:50f69a5fc9cd6f7629861b80ea70a3c6da0c76401ddc159474f2d45fab9215d6",
                "sha256:bdc8c5ee8e6b53c4767bbe720752cedb8af91db46ad96e511edd0fb74964ac5d"
            ],
            "markers": "python_version >= '2.7' and python_version not in '3.0, 3.1, 3.2, 3.3'",
            "version": "==5.0.0"
        },
        "urllib3": {
            "hashes": [
                "sha256:3fa96cf423e6987997fc326ae8df396db2a8b7c667747d47ddd8ecba91f4a74e",
                "sha256:b930dd878d5a8afb066a637fbb35144fe7901e3b209d1cd4f524bd0e9deee997"
            ],
            "markers": "python_version >= '2.7' and python_version not in '3.0, 3.1, 3.2, 3.3, 3.4, 3.5' and python_version < '4'",
            "version": "==1.26.12"
        },
        "whitenoise": {
            "hashes": [
                "sha256:15f43b2e701821b95c9016cf469d29e2a546cb1c7dead584ba82c36f843995cf",
                "sha256:9d81515f2b5b27051910996e1e860b1332e354d9e7bcf30c98f21dcb6713e0dd"
            ],
            "index": "pypi",
            "version": "==3.3.1"
        }
    },
    "develop": {}
}
